{
  "name": "mickymouse001",
  "version": "1.0.3",
  "lockfileVersion": 3,
  "requires": true,
  "packages": {
    "": {
      "name": "mickymouse001",
      "version": "1.0.3",
      "license": "ISC",
      "dependencies": {
        "mickymouse001": "^1.0.3"
      }
    },
    "node_modules/mickymouse001": {
      "version": "1.0.3",
      "resolved": "https://registry.npmjs.org/mickymouse001/-/mickymouse001-1.0.3.tgz",
      "integrity": "sha512-JWaTcRPkolIoucgISYRRqdE/Gt9wVFgZxFbux8rifR61MZ8tJCgoEoWvSSHylo9H6Geku63atgmYzrKWpsZuTA==",
      "license": "ISC",
      "dependencies": {
        "mickymouse001": "^1.0.0"
      }
    }
  }
}
